
Microsoft Visual Studio Solution File, Format Version 12.00
# Visual Studio Version 16
VisualStudioVersion = 16.0.30204.135
MinimumVisualStudioVersion = 10.0.40219.1
Project("{FAE04EC0-301F-11D3-BF4B-00C04F79EFBC}") = "HelloWorld", "HelloWorld\HelloWorld.csproj", "{66BDDAF1-9848-4351-A85D-6F3A62EF024C}"
EndProject
Global
	GlobalSection(SolutionConfigurationPlatforms) = preSolution
		Debug|Any CPU = Debug|Any CPU
		Release|Any CPU = Release|Any CPU
	EndGlobalSection
	GlobalSection(ProjectConfigurationPlatforms) = postSolution
		{66BDDAF1-9848-4351-A85D-6F3A62EF024C}.Debug|Any CPU.ActiveCfg = Debug|Any CPU
		{66BDDAF1-9848-4351-A85D-6F3A62EF024C}.Debug|Any CPU.Build.0 = Debug|Any CPU
		{66BDDAF1-9848-4351-A85D-6F3A62EF024C}.Release|Any CPU.ActiveCfg = Release|Any CPU
		{66BDDAF1-9848-4351-A85D-6F3A62EF024C}.Release|Any CPU.Build.0 = Release|Any CPU
	EndGlobalSection
	GlobalSection(SolutionProperties) = preSolution
		HideSolutionNode = FALSE
	EndGlobalSection
	GlobalSection(ExtensibilityGlobals) = postSolution
		SolutionGuid = {D537E392-F087-4CDD-BBDF-E80364D95E9A}
	EndGlobalSection
EndGlobal
